
Microsoft Visual Studio Solution File, Format Version 12.00
# Visual Studio 14
VisualStudioVersion = 14.0.24720.0
MinimumVisualStudioVersion = 10.0.40219.1
Project("{FAE04EC0-301F-11D3-BF4B-00C04F79EFBC}") = "Levolution.TypeSchema.Pcl", "Levolution.TypeSchema.Pcl\Levolution.TypeSchema.Pcl.csproj", "{B56D3D14-C345-4AED-ADCB-60AC34F01382}"
EndProject
Project("{FAE04EC0-301F-11D3-BF4B-00C04F79EFBC}") = "Levolution.TypeSchema.DotNet.Pcl", "Levolution.TypeSchema.DotNet.Pcl\Levolution.TypeSchema.DotNet.Pcl.csproj", "{3A6A2E16-9F21-49EC-AED3-33AF8BE7603F}"
EndProject
Project("{FAE04EC0-301F-11D3-BF4B-00C04F79EFBC}") = "Levolution.TypeSchema.DotNet.Pcl.UnitTest", "Levolution.TypeSchema.DotNet.Pcl.UnitTest\Levolution.TypeSchema.DotNet.Pcl.UnitTest.csproj", "{A0FD0E35-69F7-4799-A734-0CBA8E575F3A}"
EndProject
Global
	GlobalSection(SolutionConfigurationPlatforms) = preSolution
		Debug|Any CPU = Debug|Any CPU
		Release|Any CPU = Release|Any CPU
	EndGlobalSection
	GlobalSection(ProjectConfigurationPlatforms) = postSolution
		{B56D3D14-C345-4AED-ADCB-60AC34F01382}.Debug|Any CPU.ActiveCfg = Debug|Any CPU
		{B56D3D14-C345-4AED-ADCB-60AC34F01382}.Debug|Any CPU.Build.0 = Debug|Any CPU
		{B56D3D14-C345-4AED-ADCB-60AC34F01382}.Release|Any CPU.ActiveCfg = Release|Any CPU
		{B56D3D14-C345-4AED-ADCB-60AC34F01382}.Release|Any CPU.Build.0 = Release|Any CPU
		{3A6A2E16-9F21-49EC-AED3-33AF8BE7603F}.Debug|Any CPU.ActiveCfg = Debug|Any CPU
		{3A6A2E16-9F21-49EC-AED3-33AF8BE7603F}.Debug|Any CPU.Build.0 = Debug|Any CPU
		{3A6A2E16-9F21-49EC-AED3-33AF8BE7603F}.Release|Any CPU.ActiveCfg = Release|Any CPU
		{3A6A2E16-9F21-49EC-AED3-33AF8BE7603F}.Release|Any CPU.Build.0 = Release|Any CPU
		{A0FD0E35-69F7-4799-A734-0CBA8E575F3A}.Debug|Any CPU.ActiveCfg = Debug|Any CPU
		{A0FD0E35-69F7-4799-A734-0CBA8E575F3A}.Debug|Any CPU.Build.0 = Debug|Any CPU
		{A0FD0E35-69F7-4799-A734-0CBA8E575F3A}.Release|Any CPU.ActiveCfg = Release|Any CPU
		{A0FD0E35-69F7-4799-A734-0CBA8E575F3A}.Release|Any CPU.Build.0 = Release|Any CPU
	EndGlobalSection
	GlobalSection(SolutionProperties) = preSolution
		HideSolutionNode = FALSE
	EndGlobalSection
EndGlobal
