
Microsoft Visual Studio Solution File, Format Version 12.00
# Visual Studio 15
VisualStudioVersion = 15.0.27130.2010
MinimumVisualStudioVersion = 10.0.40219.1
Project("{FAE04EC0-301F-11D3-BF4B-00C04F79EFBC}") = "Levolution.TypeSchema", "Levolution.TypeSchema\Levolution.TypeSchema.csproj", "{18580DF5-185B-4315-802F-0AB7BA992D77}"
EndProject
Project("{FAE04EC0-301F-11D3-BF4B-00C04F79EFBC}") = "Levolution.TypeSchema.DotNet", "Levolution.TypeSchema.DotNet\Levolution.TypeSchema.DotNet.csproj", "{763EAD00-796C-498A-A85C-8A9DC6C7710D}"
EndProject
Project("{FAE04EC0-301F-11D3-BF4B-00C04F79EFBC}") = "Levolution.TypeSchema.DotNet.UnitTest", "Levolution.TypeSchema.DotNet.UnitTest\Levolution.TypeSchema.DotNet.UnitTest.csproj", "{6E70D0F4-CA23-4751-85EA-71EC827D0087}"
EndProject
Global
	GlobalSection(SolutionConfigurationPlatforms) = preSolution
		Debug|Any CPU = Debug|Any CPU
		Release|Any CPU = Release|Any CPU
	EndGlobalSection
	GlobalSection(ProjectConfigurationPlatforms) = postSolution
		{18580DF5-185B-4315-802F-0AB7BA992D77}.Debug|Any CPU.ActiveCfg = Debug|Any CPU
		{18580DF5-185B-4315-802F-0AB7BA992D77}.Debug|Any CPU.Build.0 = Debug|Any CPU
		{18580DF5-185B-4315-802F-0AB7BA992D77}.Release|Any CPU.ActiveCfg = Release|Any CPU
		{18580DF5-185B-4315-802F-0AB7BA992D77}.Release|Any CPU.Build.0 = Release|Any CPU
		{763EAD00-796C-498A-A85C-8A9DC6C7710D}.Debug|Any CPU.ActiveCfg = Debug|Any CPU
		{763EAD00-796C-498A-A85C-8A9DC6C7710D}.Debug|Any CPU.Build.0 = Debug|Any CPU
		{763EAD00-796C-498A-A85C-8A9DC6C7710D}.Release|Any CPU.ActiveCfg = Release|Any CPU
		{763EAD00-796C-498A-A85C-8A9DC6C7710D}.Release|Any CPU.Build.0 = Release|Any CPU
		{6E70D0F4-CA23-4751-85EA-71EC827D0087}.Debug|Any CPU.ActiveCfg = Debug|Any CPU
		{6E70D0F4-CA23-4751-85EA-71EC827D0087}.Debug|Any CPU.Build.0 = Debug|Any CPU
		{6E70D0F4-CA23-4751-85EA-71EC827D0087}.Release|Any CPU.ActiveCfg = Release|Any CPU
		{6E70D0F4-CA23-4751-85EA-71EC827D0087}.Release|Any CPU.Build.0 = Release|Any CPU
	EndGlobalSection
	GlobalSection(SolutionProperties) = preSolution
		HideSolutionNode = FALSE
	EndGlobalSection
	GlobalSection(ExtensibilityGlobals) = postSolution
		SolutionGuid = {4099D4C5-32C3-4895-A52A-5ED3E206A18B}
	EndGlobalSection
EndGlobal
